{
  "name": "mapviz",
  "version": "0.0.1",
  "lockfileVersion": 2,
  "requires": true,
  "packages": {
    "": {
      "name": "mapviz",
      "version": "0.0.1",
      "license": "ISC",
      "dependencies": {
        "blueimp-md5": "^2.18.0",
        "bulma": "^0.9.1",
        "leaflet": "^1.7.1",
        "leaflet-ajax": "^2.1.0",
        "leaflet.control.layers.tree": "^1.0.2"
      }
    },
    "node_modules/blueimp-md5": {
      "version": "2.18.0",
      "resolved": "https://registry.npmjs.org/blueimp-md5/-/blueimp-md5-2.18.0.tgz",
      "integrity": "sha512-vE52okJvzsVWhcgUHOv+69OG3Mdg151xyn41aVQN/5W5S+S43qZhxECtYLAEHMSFWX6Mv5IZrzj3T5+JqXfj5Q=="
    },
    "node_modules/bulma": {
      "version": "0.9.1",
      "resolved": "https://registry.npmjs.org/bulma/-/bulma-0.9.1.tgz",
      "integrity": "sha512-LSF69OumXg2HSKl2+rN0/OEXJy7WFEb681wtBlNS/ulJYR27J3rORHibdXZ6GVb/vyUzzYK/Arjyh56wjbFedA=="
    },
    "node_modules/immediate": {
      "version": "3.0.6",
      "resolved": "https://registry.npmjs.org/immediate/-/immediate-3.0.6.tgz",
      "integrity": "sha1-nbHb0Pr43m++D13V5Wu2BigN5ps="
    },
    "node_modules/leaflet": {
      "version": "1.7.1",
      "resolved": "https://registry.npmjs.org/leaflet/-/leaflet-1.7.1.tgz",
      "integrity": "sha512-/xwPEBidtg69Q3HlqPdU3DnrXQOvQU/CCHA1tcDQVzOwm91YMYaILjNp7L4Eaw5Z4sOYdbBz6koWyibppd8Zqw=="
    },
    "node_modules/leaflet-ajax": {
      "version": "2.1.0",
      "resolved": "https://registry.npmjs.org/leaflet-ajax/-/leaflet-ajax-2.1.0.tgz",
      "integrity": "sha1-JpND1ZvTjcnfpPOnM+eH/zL+I28=",
      "dependencies": {
        "lie": "^3.0.1"
      }
    },
    "node_modules/leaflet.control.layers.tree": {
      "version": "1.0.2",
      "resolved": "https://registry.npmjs.org/leaflet.control.layers.tree/-/leaflet.control.layers.tree-1.0.2.tgz",
      "integrity": "sha512-x/Boki4syfLRuKkpEpkGRaM9MxcktqrLmCaobYWOf/GQN3ND6WSdHC59zkkpx2AsyqLKgbmVUo/IHcchTevDug=="
    },
    "node_modules/lie": {
      "version": "3.3.0",
      "resolved": "https://registry.npmjs.org/lie/-/lie-3.3.0.tgz",
      "integrity": "sha512-UaiMJzeWRlEujzAuw5LokY1L5ecNQYZKfmyZ9L7wDHb/p5etKaxXhohBcrw0EYby+G/NA52vRSN4N39dxHAIwQ==",
      "dependencies": {
        "immediate": "~3.0.5"
      }
    }
  },
  "dependencies": {
    "blueimp-md5": {
      "version": "2.18.0",
      "resolved": "https://registry.npmjs.org/blueimp-md5/-/blueimp-md5-2.18.0.tgz",
      "integrity": "sha512-vE52okJvzsVWhcgUHOv+69OG3Mdg151xyn41aVQN/5W5S+S43qZhxECtYLAEHMSFWX6Mv5IZrzj3T5+JqXfj5Q=="
    },
    "bulma": {
      "version": "0.9.1",
      "resolved": "https://registry.npmjs.org/bulma/-/bulma-0.9.1.tgz",
      "integrity": "sha512-LSF69OumXg2HSKl2+rN0/OEXJy7WFEb681wtBlNS/ulJYR27J3rORHibdXZ6GVb/vyUzzYK/Arjyh56wjbFedA=="
    },
    "immediate": {
      "version": "3.0.6",
      "resolved": "https://registry.npmjs.org/immediate/-/immediate-3.0.6.tgz",
      "integrity": "sha1-nbHb0Pr43m++D13V5Wu2BigN5ps="
    },
    "leaflet": {
      "version": "1.7.1",
      "resolved": "https://registry.npmjs.org/leaflet/-/leaflet-1.7.1.tgz",
      "integrity": "sha512-/xwPEBidtg69Q3HlqPdU3DnrXQOvQU/CCHA1tcDQVzOwm91YMYaILjNp7L4Eaw5Z4sOYdbBz6koWyibppd8Zqw=="
    },
    "leaflet-ajax": {
      "version": "2.1.0",
      "resolved": "https://registry.npmjs.org/leaflet-ajax/-/leaflet-ajax-2.1.0.tgz",
      "integrity": "sha1-JpND1ZvTjcnfpPOnM+eH/zL+I28=",
      "requires": {
        "lie": "^3.0.1"
      }
    },
    "leaflet.control.layers.tree": {
      "version": "1.0.2",
      "resolved": "https://registry.npmjs.org/leaflet.control.layers.tree/-/leaflet.control.layers.tree-1.0.2.tgz",
      "integrity": "sha512-x/Boki4syfLRuKkpEpkGRaM9MxcktqrLmCaobYWOf/GQN3ND6WSdHC59zkkpx2AsyqLKgbmVUo/IHcchTevDug=="
    },
    "lie": {
      "version": "3.3.0",
      "resolved": "https://registry.npmjs.org/lie/-/lie-3.3.0.tgz",
      "integrity": "sha512-UaiMJzeWRlEujzAuw5LokY1L5ecNQYZKfmyZ9L7wDHb/p5etKaxXhohBcrw0EYby+G/NA52vRSN4N39dxHAIwQ==",
      "requires": {
        "immediate": "~3.0.5"
      }
    }
  }
}
